// !$*UTF8*$!
{
	archiveVersion = 1;
	classes = {
	};
	objectVersion = 77;
	objects = {

/* Begin PBXContainerItemProxy section */
		82B6404D305AA5C5009ABC0F /* PBXContainerItemProxy */ = {
			isa = PBXContainerItemProxy;
			containerPortal = 82B64037305AA5C4009ABC0F /* Project object */;
			proxyType = 1;
			remoteGlobalIDString = 82B6403E305AA5C4009ABC0F;
			remoteInfo = SwiftConcurrencyBootCamp;
		};
		82B64057305AA5C5009ABC0F /* PBXContainerItemProxy */ = {
			isa = PBXContainerItemProxy;
			containerPortal = 82B64037305AA5C4009ABC0F /* Project object */;
			proxyType = 1;
			remoteGlobalIDString = 82B6403E305AA5C4009ABC0F;
			remoteInfo = SwiftConcurrencyBootCamp;
		};
/* End PBXContainerItemProxy section */

/* Begin PBXFileReference section */
		82B6403F305AA5C4009ABC0F /* SwiftConcurrencyBootCamp.app */ = {isa = PBXFileReference; explicitFileType = wrapper.application; includeInIndex = 0; path = SwiftConcurrencyBootCamp.app; sourceTree = BUILT_PRODUCTS_DIR; };
		82B6404C305AA5C5009ABC0F /* SwiftConcurrencyBootCampTests.xctest */ = {isa = PBXFileReference; explicitFileType = wrapper.cfbundle; includeInIndex = 0; path = SwiftConcurrencyBootCampTests.xctest; sourceTree = BUILT_PRODUCTS_DIR; };
		82B64056305AA5C5009ABC0F /* SwiftConcurrencyBootCampUITests.xctest */ = {isa = PBXFileReference; explicitFileType = wrapper.cfbundle; includeInIndex = 0; path = SwiftConcurrencyBootCampUITests.xctest; sourceTree = BUILT_PRODUCTS_DIR; };
/* End PBXFileReference section */

/* Begin PBXFileSystemSynchronizedRootGroup section */
		82B64041305AA5C4009ABC0F /* SwiftConcurrencyBootCamp */ = {
			isa = PBXFileSystemSynchronizedRootGroup;
			path = SwiftConcurrencyBootCamp;
			sourceTree = "<group>";
		};
		82B6404F305AA5C5009ABC0F /* SwiftConcurrencyBootCampTests */ = {
			isa = PBXFileSystemSynchronizedRootGroup;
			path = SwiftConcurrencyBootCampTests;
			sourceTree = "<group>";
		};
		82B64059305AA5C5009ABC0F /* SwiftConcurrencyBootCampUITests */ = {
			isa = PBXFileSystemSynchronizedRootGroup;
			path = SwiftConcurrencyBootCampUITests;
			sourceTree = "<group>";
		};
/* End PBXFileSystemSynchronizedRootGroup section */

/* Begin PBXFrameworksBuildPhase section */
		82B6403C305AA5C4009ABC0F /* Frameworks */ = {
			isa = PBXFrameworksBuildPhase;
			buildActionMask = 2147483647;
			files = (
			);
			runOnlyForDeploymentPostprocessing = 0;
		};
		82B64049305AA5C5009ABC0F /* Frameworks */ = {
			isa = PBXFrameworksBuildPhase;
			buildActionMask = 2147483647;
			files = (
			);
			runOnlyForDeploymentPostprocessing = 0;
		};
		82B64053305AA5C5009ABC0F /* Frameworks */ = {
			isa = PBXFrameworksBuildPhase;
			buildActionMask = 2147483647;
			files = (
			);
			runOnlyForDeploymentPostprocessing = 0;
		};
/* End PBXFrameworksBuildPhase section */

/* Begin PBXGroup section */
		82B64036305AA5C4009ABC0F = {
			isa = PBXGroup;
			children = (
				82B64041305AA5C4009ABC0F /* SwiftConcurrencyBootCamp */,
				82B6404F305AA5C5009ABC0F /* SwiftConcurrencyBootCampTests */,
				82B64059305AA5C5009ABC0F /* SwiftConcurrencyBootCampUITests */,
				82B64040305AA5C4009ABC0F /* Products */,
			);
			sourceTree = "<group>";
		};
		82B64040305AA5C4009ABC0F /* Products */ = {
			isa = PBXGroup;
			children = (
				82B6403F305AA5C4009ABC0F /* SwiftConcurrencyBootCamp.app */,
				82B6404C305AA5C5009ABC0F /* SwiftConcurrencyBootCampTests.xctest */,
				82B64056305AA5C5009ABC0F /* SwiftConcurrencyBootCampUITests.xctest */,
			);
			name = Products;
			sourceTree = "<group>";
		};
/* End PBXGroup section */

/* Begin PBXNativeTarget section */
		82B6403E305AA5C4009ABC0F /* SwiftConcurrencyBootCamp */ = {
			isa = PBXNativeTarget;
			buildConfigurationList = 82B64060305AA5C5009ABC0F /* Build configuration list for PBXNativeTarget "SwiftConcurrencyBootCamp" */;
			buildPhases = (
				82B6403B305AA5C4009ABC0F /* Sources */,
				82B6403C305AA5C4009ABC0F /* Frameworks */,
				82B6403D305AA5C4009ABC0F /* Resources */,
			);
			buildRules = (
			);
			dependencies = (
			);
			fileSystemSynchronizedGroups = (
				82B64041305AA5C4009ABC0F /* SwiftConcurrencyBootCamp */,
			);
			name = SwiftConcurrencyBootCamp;
			packageProductDependencies = (
			);
			productName = SwiftConcurrencyBootCamp;
			productReference = 82B6403F305AA5C4009ABC0F /* SwiftConcurrencyBootCamp.app */;
			productType = "com.apple.product-type.application";
		};
		82B6404B305AA5C5009ABC0F /* SwiftConcurrencyBootCampTests */ = {
			isa = PBXNativeTarget;
			buildConfigurationList = 82B64063305AA5C5009ABC0F /* Build configuration list for PBXNativeTarget "SwiftConcurrencyBootCampTests" */;
			buildPhases = (
				82B64048305AA5C5009ABC0F /* Sources */,
				82B64049305AA5C5009ABC0F /* Frameworks */,
				82B6404A305AA5C5009ABC0F /* Resources */,
			);
			buildRules = (
			);
			dependencies = (
				82B6404E305AA5C5009ABC0F /* PBXTargetDependency */,
			);
			fileSystemSynchronizedGroups = (
				82B6404F305AA5C5009ABC0F /* SwiftConcurrencyBootCampTests */,
			);
			name = SwiftConcurrencyBootCampTests;
			packageProductDependencies = (
			);
			productName = SwiftConcurrencyBootCampTests;
			productReference = 82B6404C305AA5C5009ABC0F /* SwiftConcurrencyBootCampTests.xctest */;
			productType = "com.apple.product-type.bundle.unit-test";
		};
		82B64055305AA5C5009ABC0F /* SwiftConcurrencyBootCampUITests */ = {
			isa = PBXNativeTarget;
			buildConfigurationList = 82B64066305AA5C5009ABC0F /* Build configuration list for PBXNativeTarget "SwiftConcurrencyBootCampUITests" */;
			buildPhases = (
				82B64052305AA5C5009ABC0F /* Sources */,
				82B64053305AA5C5009ABC0F /* Frameworks */,
				82B64054305AA5C5009ABC0F /* Resources */,
			);
			buildRules = (
			);
			dependencies = (
				82B64058305AA5C5009ABC0F /* PBXTargetDependency */,
			);
			fileSystemSynchronizedGroups = (
				82B64059305AA5C5009ABC0F /* SwiftConcurrencyBootCampUITests */,
			);
			name = SwiftConcurrencyBootCampUITests;
			packageProductDependencies = (
			);
			productName = SwiftConcurrencyBootCampUITests;
			productReference = 82B64056305AA5C5009ABC0F /* SwiftConcurrencyBootCampUITests.xctest */;
			productType = "com.apple.product-type.bundle.ui-testing";
		};
/* End PBXNativeTarget section */

/* Begin PBXProject section */
		82B64037305AA5C4009ABC0F /* Project object */ = {
			isa = PBXProject;
			attributes = {
				BuildIndependentTargetsInParallel = 1;
				LastSwiftUpdateCheck = 2620;
				LastUpgradeCheck = 2620;
				TargetAttributes = {
					82B6403E305AA5C4009ABC0F = {
						CreatedOnToolsVersion = 26.2;
					};
					82B6404B305AA5C5009ABC0F = {
						CreatedOnToolsVersion = 26.2;
						TestTargetID = 82B6403E305AA5C4009ABC0F;
					};
					82B64055305AA5C5009ABC0F = {
						CreatedOnToolsVersion = 26.2;
						TestTargetID = 82B6403E305AA5C4009ABC0F;
					};
				};
			};
			buildConfigurationList = 82B6403A305AA5C4009ABC0F /* Build configuration list for PBXProject "SwiftConcurrencyBootCamp" */;
			developmentRegion = en;
			hasScannedForEncodings = 0;
			knownRegions = (
				en,
				Base,
			);
			mainGroup = 82B64036305AA5C4009ABC0F;
			minimizedProjectReferenceProxies = 1;
			preferredProjectObjectVersion = 77;
			productRefGroup = 82B64040305AA5C4009ABC0F /* Products */;
			projectDirPath = "";
			projectRoot = "";
			targets = (
				82B6403E305AA5C4009ABC0F /* SwiftConcurrencyBootCamp */,
				82B6404B305AA5C5009ABC0F /* SwiftConcurrencyBootCampTests */,
				82B64055305AA5C5009ABC0F /* SwiftConcurrencyBootCampUITests */,
			);
		};
/* End PBXProject section */

/* Begin PBXResourcesBuildPhase section */
		82B6403D305AA5C4009ABC0F /* Resources */ = {
			isa = PBXResourcesBuildPhase;
			buildActionMask = 2147483647;
			files = (
			);
			runOnlyForDeploymentPostprocessing = 0;
		};
		82B6404A305AA5C5009ABC0F /* Resources */ = {
			isa = PBXResourcesBuildPhase;
			buildActionMask = 2147483647;
			files = (
			);
			runOnlyForDeploymentPostprocessing = 0;
		};
		82B64054305AA5C5009ABC0F /* Resources */ = {
			isa = PBXResourcesBuildPhase;
			buildActionMask = 2147483647;
			files = (
			);
			runOnlyForDeploymentPostprocessing = 0;
		};
/* End PBXResourcesBuildPhase section */

/* Begin PBXSourcesBuildPhase section */
		82B6403B305AA5C4009ABC0F /* Sources */ = {
			isa = PBXSourcesBuildPhase;
			buildActionMask = 2147483647;
			files = (
			);
			runOnlyForDeploymentPostprocessing = 0;
		};
		82B64048305AA5C5009ABC0F /* Sources */ = {
			isa = PBXSourcesBuildPhase;
			buildActionMask = 2147483647;
			files = (
			);
			runOnlyForDeploymentPostprocessing = 0;
		};
		82B64052305AA5C5009ABC0F /* Sources */ = {
			isa = PBXSourcesBuildPhase;
			buildActionMask = 2147483647;
			files = (
			);
			runOnlyForDeploymentPostprocessing = 0;
		};
/* End PBXSourcesBuildPhase section */

/* Begin PBXTargetDependency section */
		82B6404E305AA5C5009ABC0F /* PBXTargetDependency */ = {
			isa = PBXTargetDependency;
			target = 82B6403E305AA5C4009ABC0F /* SwiftConcurrencyBootCamp */;
			targetProxy = 82B6404D305AA5C5009ABC0F /* PBXContainerItemProxy */;
		};
		82B64058305AA5C5009ABC0F /* PBXTargetDependency */ = {
			isa = PBXTargetDependency;
			target = 82B6403E305AA5C4009ABC0F /* SwiftConcurrencyBootCamp */;
			targetProxy = 82B64057305AA5C5009ABC0F /* PBXContainerItemProxy */;
		};
/* End PBXTargetDependency section */

/* Begin XCBuildConfiguration section */
		82B6405E305AA5C5009ABC0F /* Debug */ = {
			isa = XCBuildConfiguration;
			buildSettings = {
				ALWAYS_SEARCH_USER_PATHS = NO;
				ASSETCATALOG_COMPILER_GENERATE_SWIFT_ASSET_SYMBOL_EXTENSIONS = YES;
				CLANG_ANALYZER_NONNULL = YES;
				CLANG_ANALYZER_NUMBER_OBJECT_CONVERSION = YES_AGGRESSIVE;
				CLANG_CXX_LANGUAGE_STANDARD = "gnu++20";
				CLANG_ENABLE_MODULES = YES;
				CLANG_ENABLE_OBJC_ARC = YES;
				CLANG_ENABLE_OBJC_WEAK = YES;
				CLANG_WARN_BLOCK_CAPTURE_AUTORELEASING = YES;
				CLANG_WARN_BOOL_CONVERSION = YES;
				CLANG_WARN_COMMA = YES;
				CLANG_WARN_CONSTANT_CONVERSION = YES;
				CLANG_WARN_DEPRECATED_OBJC_IMPLEMENTATIONS = YES;
				CLANG_WARN_DIRECT_OBJC_ISA_USAGE = YES_ERROR;
				CLANG_WARN_DOCUMENTATION_COMMENTS = YES;
				CLANG_WARN_EMPTY_BODY = YES;
				CLANG_WARN_ENUM_CONVERSION = YES;
				CLANG_WARN_INFINITE_RECURSION = YES;
				CLANG_WARN_INT_CONVERSION = YES;
				CLANG_WARN_NON_LITERAL_NULL_CONVERSION = YES;
				CLANG_WARN_OBJC_IMPLICIT_RETAIN_SELF = YES;
				CLANG_WARN_OBJC_LITERAL_CONVERSION = YES;
				CLANG_WARN_OBJC_ROOT_CLASS = YES_ERROR;
				CLANG_WARN_QUOTED_INCLUDE_IN_FRAMEWORK_HEADER = YES;
				CLANG_WARN_RANGE_LOOP_ANALYSIS = YES;
				CLANG_WARN_STRICT_PROTOTYPES = YES;
				CLANG_WARN_SUSPICIOUS_MOVE = YES;
				CLANG_WARN_UNGUARDED_AVAILABILITY = YES_AGGRESSIVE;
				CLANG_WARN_UNREACHABLE_CODE = YES;
				CLANG_WARN__DUPLICATE_METHOD_MATCH = YES;
				COPY_PHASE_STRIP = NO;
				DEBUG_INFORMATION_FORMAT = dwarf;
				ENABLE_STRICT_OBJC_MSGSEND = YES;
				ENABLE_TESTABILITY = YES;
				ENABLE_USER_SCRIPT_SANDBOXING = YES;
				GCC_C_LANGUAGE_STANDARD = gnu17;
				GCC_DYNAMIC_NO_PIC = NO;
				GCC_NO_COMMON_BLOCKS = YES;
				GCC_OPTIMIZATION_LEVEL = 0;
				GCC_PREPROCESSOR_DEFINITIONS = (
					"DEBUG=1",
					"$(inherited)",
				);
				GCC_WARN_64_TO_32_BIT_CONVERSION = YES;
				GCC_WARN_ABOUT_RETURN_TYPE = YES_ERROR;
				GCC_WARN_UNDECLARED_SELECTOR = YES;
				GCC_WARN_UNINITIALIZED_AUTOS = YES_AGGRESSIVE;
				GCC_WARN_UNUSED_FUNCTION = YES;
				GCC_WARN_UNUSED_VARIABLE = YES;
				IPHONEOS_DEPLOYMENT_TARGET = 26.2;
				LOCALIZATION_PREFERS_STRING_CATALOGS = YES;
				MTL_ENABLE_DEBUG_INFO = INCLUDE_SOURCE;
				MTL_FAST_MATH = YES;
				ONLY_ACTIVE_ARCH = YES;
				SDKROOT = iphoneos;
				SWIFT_ACTIVE_COMPILATION_CONDITIONS = "DEBUG $(inherited)";
				SWIFT_OPTIMIZATION_LEVEL = "-Onone";
			};
			name = Debug;
		};
		82B6405F305AA5C5009ABC0F /* Release */ = {
			isa = XCBuildConfiguration;
			buildSettings = {
				ALWAYS_SEARCH_USER_PATHS = NO;
				ASSETCATALOG_COMPILER_GENERATE_SWIFT_ASSET_SYMBOL_EXTENSIONS = YES;
				CLANG_ANALYZER_NONNULL = YES;
				CLANG_ANALYZER_NUMBER_OBJECT_CONVERSION = YES_AGGRESSIVE;
				CLANG_CXX_LANGUAGE_STANDARD = "gnu++20";
				CLANG_ENABLE_MODULES = YES;
				CLANG_ENABLE_OBJC_ARC = YES;
				CLANG_ENABLE_OBJC_WEAK = YES;
				CLANG_WARN_BLOCK_CAPTURE_AUTORELEASING = YES;
				CLANG_WARN_BOOL_CONVERSION = YES;
				CLANG_WARN_COMMA = YES;
				CLANG_WARN_CONSTANT_CONVERSION = YES;
				CLANG_WARN_DEPRECATED_OBJC_IMPLEMENTATIONS = YES;
				CLANG_WARN_DIRECT_OBJC_ISA_USAGE = YES_ERROR;
				CLANG_WARN_DOCUMENTATION_COMMENTS = YES;
				CLANG_WARN_EMPTY_BODY = YES;
				CLANG_WARN_ENUM_CONVERSION = YES;
				CLANG_WARN_INFINITE_RECURSION = YES;
				CLANG_WARN_INT_CONVERSION = YES;
				CLANG_WARN_NON_LITERAL_NULL_CONVERSION = YES;
				CLANG_WARN_OBJC_IMPLICIT_RETAIN_SELF = YES;
				CLANG_WARN_OBJC_LITERAL_CONVERSION = YES;
				CLANG_WARN_OBJC_ROOT_CLASS = YES_ERROR;
				CLANG_WARN_QUOTED_INCLUDE_IN_FRAMEWORK_HEADER = YES;
				CLANG_WARN_RANGE_LOOP_ANALYSIS = YES;
				CLANG_WARN_STRICT_PROTOTYPES = YES;
				CLANG_WARN_SUSPICIOUS_MOVE = YES;
				CLANG_WARN_UNGUARDED_AVAILABILITY = YES_AGGRESSIVE;
				CLANG_WARN_UNREACHABLE_CODE = YES;
				CLANG_WARN__DUPLICATE_METHOD_MATCH = YES;
				COPY_PHASE_STRIP = NO;
				DEBUG_INFORMATION_FORMAT = "dwarf-with-dsym";
				ENABLE_NS_ASSERTIONS = NO;
				ENABLE_STRICT_OBJC_MSGSEND = YES;
				ENABLE_USER_SCRIPT_SANDBOXING = YES;
				GCC_C_LANGUAGE_STANDARD = gnu17;
				GCC_NO_COMMON_BLOCKS = YES;
				GCC_WARN_64_TO_32_BIT_CONVERSION = YES;
				GCC_WARN_ABOUT_RETURN_TYPE = YES_ERROR;
				GCC_WARN_UNDECLARED_SELECTOR = YES;
				GCC_WARN_UNINITIALIZED_AUTOS = YES_AGGRESSIVE;
				GCC_WARN_UNUSED_FUNCTION = YES;
				GCC_WARN_UNUSED_VARIABLE = YES;
				IPHONEOS_DEPLOYMENT_TARGET = 26.2;
				LOCALIZATION_PREFERS_STRING_CATALOGS = YES;
				MTL_ENABLE_DEBUG_INFO = NO;
				MTL_FAST_MATH = YES;
				SDKROOT = iphoneos;
				SWIFT_COMPILATION_MODE = wholemodule;
				VALIDATE_PRODUCT = YES;
			};
			name = Release;
		};
		82B64061305AA5C5009ABC0F /* Debug */ = {
			isa = XCBuildConfiguration;
			buildSettings = {
				ASSETCATALOG_COMPILER_APPICON_NAME = AppIcon;
				ASSETCATALOG_COMPILER_GLOBAL_ACCENT_COLOR_NAME = AccentColor;
				CODE_SIGN_STYLE = Automatic;
				CURRENT_PROJECT_VERSION = 1;
				ENABLE_PREVIEWS = YES;
				GENERATE_INFOPLIST_FILE = YES;
				INFOPLIST_KEY_UIApplicationSceneManifest_Generation = YES;
				INFOPLIST_KEY_UIApplicationSupportsIndirectInputEvents = YES;
				INFOPLIST_KEY_UILaunchScreen_Generation = YES;
				INFOPLIST_KEY_UISupportedInterfaceOrientations_iPad = "UIInterfaceOrientationPortrait UIInterfaceOrientationPortraitUpsideDown UIInterfaceOrientationLandscapeLeft UIInterfaceOrientationLandscapeRight";
				INFOPLIST_KEY_UISupportedInterfaceOrientations_iPhone = "UIInterfaceOrientationPortrait UIInterfaceOrientationLandscapeLeft UIInterfaceOrientationLandscapeRight";
				LD_RUNPATH_SEARCH_PATHS = (
					"$(inherited)",
					"@executable_path/Frameworks",
				);
				MARKETING_VERSION = 1.0;
				PRODUCT_BUNDLE_IDENTIFIER = com.SwiftConcurrencyBootCamp;
				PRODUCT_NAME = "$(TARGET_NAME)";
				STRING_CATALOG_GENERATE_SYMBOLS = YES;
				SWIFT_APPROACHABLE_CONCURRENCY = YES;
				SWIFT_DEFAULT_ACTOR_ISOLATION = MainActor;
				SWIFT_EMIT_LOC_STRINGS = YES;
				SWIFT_UPCOMING_FEATURE_MEMBER_IMPORT_VISIBILITY = YES;
				SWIFT_VERSION = 5.0;
				TARGETED_DEVICE_FAMILY = "1,2";
			};
			name = Debug;
		};
		82B64062305AA5C5009ABC0F /* Release */ = {
			isa = XCBuildConfiguration;
			buildSettings = {
				ASSETCATALOG_COMPILER_APPICON_NAME = AppIcon;
				ASSETCATALOG_COMPILER_GLOBAL_ACCENT_COLOR_NAME = AccentColor;
				CODE_SIGN_STYLE = Automatic;
				CURRENT_PROJECT_VERSION = 1;
				ENABLE_PREVIEWS = YES;
				GENERATE_INFOPLIST_FILE = YES;
				INFOPLIST_KEY_UIApplicationSceneManifest_Generation = YES;
				INFOPLIST_KEY_UIApplicationSupportsIndirectInputEvents = YES;
				INFOPLIST_KEY_UILaunchScreen_Generation = YES;
				INFOPLIST_KEY_UISupportedInterfaceOrientations_iPad = "UIInterfaceOrientationPortrait UIInterfaceOrientationPortraitUpsideDown UIInterfaceOrientationLandscapeLeft UIInterfaceOrientationLandscapeRight";
				INFOPLIST_KEY_UISupportedInterfaceOrientations_iPhone = "UIInterfaceOrientationPortrait UIInterfaceOrientationLandscapeLeft UIInterfaceOrientationLandscapeRight";
				LD_RUNPATH_SEARCH_PATHS = (
					"$(inherited)",
					"@executable_path/Frameworks",
				);
				MARKETING_VERSION = 1.0;
				PRODUCT_BUNDLE_IDENTIFIER = com.SwiftConcurrencyBootCamp;
				PRODUCT_NAME = "$(TARGET_NAME)";
				STRING_CATALOG_GENERATE_SYMBOLS = YES;
				SWIFT_APPROACHABLE_CONCURRENCY = YES;
				SWIFT_DEFAULT_ACTOR_ISOLATION = MainActor;
				SWIFT_EMIT_LOC_STRINGS = YES;
				SWIFT_UPCOMING_FEATURE_MEMBER_IMPORT_VISIBILITY = YES;
				SWIFT_VERSION = 5.0;
				TARGETED_DEVICE_FAMILY = "1,2";
			};
			name = Release;
		};
		82B64064305AA5C5009ABC0F /* Debug */ = {
			isa = XCBuildConfiguration;
			buildSettings = {
				BUNDLE_LOADER = "$(TEST_HOST)";
				CODE_SIGN_STYLE = Automatic;
				CURRENT_PROJECT_VERSION = 1;
				GENERATE_INFOPLIST_FILE = YES;
				IPHONEOS_DEPLOYMENT_TARGET = 26.2;
				MARKETING_VERSION = 1.0;
				PRODUCT_BUNDLE_IDENTIFIER = com.SwiftConcurrencyBootCampTests;
				PRODUCT_NAME = "$(TARGET_NAME)";
				STRING_CATALOG_GENERATE_SYMBOLS = NO;
				SWIFT_APPROACHABLE_CONCURRENCY = YES;
				SWIFT_EMIT_LOC_STRINGS = NO;
				SWIFT_UPCOMING_FEATURE_MEMBER_IMPORT_VISIBILITY = YES;
				SWIFT_VERSION = 5.0;
				TARGETED_DEVICE_FAMILY = "1,2";
				TEST_HOST = "$(BUILT_PRODUCTS_DIR)/SwiftConcurrencyBootCamp.app/$(BUNDLE_EXECUTABLE_FOLDER_PATH)/SwiftConcurrencyBootCamp";
			};
			name = Debug;
		};
		82B64065305AA5C5009ABC0F /* Release */ = {
			isa = XCBuildConfiguration;
			buildSettings = {
				BUNDLE_LOADER = "$(TEST_HOST)";
				CODE_SIGN_STYLE = Automatic;
				CURRENT_PROJECT_VERSION = 1;
				GENERATE_INFOPLIST_FILE = YES;
				IPHONEOS_DEPLOYMENT_TARGET = 26.2;
				MARKETING_VERSION = 1.0;
				PRODUCT_BUNDLE_IDENTIFIER = com.SwiftConcurrencyBootCampTests;
				PRODUCT_NAME = "$(TARGET_NAME)";
				STRING_CATALOG_GENERATE_SYMBOLS = NO;
				SWIFT_APPROACHABLE_CONCURRENCY = YES;
				SWIFT_EMIT_LOC_STRINGS = NO;
				SWIFT_UPCOMING_FEATURE_MEMBER_IMPORT_VISIBILITY = YES;
				SWIFT_VERSION = 5.0;
				TARGETED_DEVICE_FAMILY = "1,2";
				TEST_HOST = "$(BUILT_PRODUCTS_DIR)/SwiftConcurrencyBootCamp.app/$(BUNDLE_EXECUTABLE_FOLDER_PATH)/SwiftConcurrencyBootCamp";
			};
			name = Release;
		};
		82B64067305AA5C5009ABC0F /* Debug */ = {
			isa = XCBuildConfiguration;
			buildSettings = {
				CODE_SIGN_STYLE = Automatic;
				CURRENT_PROJECT_VERSION = 1;
				GENERATE_INFOPLIST_FILE = YES;
				MARKETING_VERSION = 1.0;
				PRODUCT_BUNDLE_IDENTIFIER = com.SwiftConcurrencyBootCampUITests;
				PRODUCT_NAME = "$(TARGET_NAME)";
				STRING_CATALOG_GENERATE_SYMBOLS = NO;
				SWIFT_APPROACHABLE_CONCURRENCY = YES;
				SWIFT_EMIT_LOC_STRINGS = NO;
				SWIFT_UPCOMING_FEATURE_MEMBER_IMPORT_VISIBILITY = YES;
				SWIFT_VERSION = 5.0;
				TARGETED_DEVICE_FAMILY = "1,2";
				TEST_TARGET_NAME = SwiftConcurrencyBootCamp;
			};
			name = Debug;
		};
		82B64068305AA5C5009ABC0F /* Release */ = {
			isa = XCBuildConfiguration;
			buildSettings = {
				CODE_SIGN_STYLE = Automatic;
				CURRENT_PROJECT_VERSION = 1;
				GENERATE_INFOPLIST_FILE = YES;
				MARKETING_VERSION = 1.0;
				PRODUCT_BUNDLE_IDENTIFIER = com.SwiftConcurrencyBootCampUITests;
				PRODUCT_NAME = "$(TARGET_NAME)";
				STRING_CATALOG_GENERATE_SYMBOLS = NO;
				SWIFT_APPROACHABLE_CONCURRENCY = YES;
				SWIFT_EMIT_LOC_STRINGS = NO;
				SWIFT_UPCOMING_FEATURE_MEMBER_IMPORT_VISIBILITY = YES;
				SWIFT_VERSION = 5.0;
				TARGETED_DEVICE_FAMILY = "1,2";
				TEST_TARGET_NAME = SwiftConcurrencyBootCamp;
			};
			name = Release;
		};
/* End XCBuildConfiguration section */

/* Begin XCConfigurationList section */
		82B6403A305AA5C4009ABC0F /* Build configuration list for PBXProject "SwiftConcurrencyBootCamp" */ = {
			isa = XCConfigurationList;
			buildConfigurations = (
				82B6405E305AA5C5009ABC0F /* Debug */,
				82B6405F305AA5C5009ABC0F /* Release */,
			);
			defaultConfigurationIsVisible = 0;
			defaultConfigurationName = Release;
		};
		82B64060305AA5C5009ABC0F /* Build configuration list for PBXNativeTarget "SwiftConcurrencyBootCamp" */ = {
			isa = XCConfigurationList;
			buildConfigurations = (
				82B64061305AA5C5009ABC0F /* Debug */,
				82B64062305AA5C5009ABC0F /* Release */,
			);
			defaultConfigurationIsVisible = 0;
			defaultConfigurationName = Release;
		};
		82B64063305AA5C5009ABC0F /* Build configuration list for PBXNativeTarget "SwiftConcurrencyBootCampTests" */ = {
			isa = XCConfigurationList;
			buildConfigurations = (
				82B64064305AA5C5009ABC0F /* Debug */,
				82B64065305AA5C5009ABC0F /* Release */,
			);
			defaultConfigurationIsVisible = 0;
			defaultConfigurationName = Release;
		};
		82B64066305AA5C5009ABC0F /* Build configuration list for PBXNativeTarget "SwiftConcurrencyBootCampUITests" */ = {
			isa = XCConfigurationList;
			buildConfigurations = (
				82B64067305AA5C5009ABC0F /* Debug */,
				82B64068305AA5C5009ABC0F /* Release */,
			);
			defaultConfigurationIsVisible = 0;
			defaultConfigurationName = Release;
		};
/* End XCConfigurationList section */
	};
	rootObject = 82B64037305AA5C4009ABC0F /* Project object */;
}
